
Microsoft Visual Studio Solution File, Format Version 12.00
# Visual Studio Version 16
VisualStudioVersion = 16.0.29409.12
MinimumVisualStudioVersion = 10.0.40219.1
Project("{8BC9CEB8-8B4A-11D0-8D11-00A0C91BC942}") = "Voxelus", "Voxelus\Voxelus.vcxproj", "{D2D59569-E5F7-4075-A8E7-EF80AA6C5A84}"
EndProject
Project("{8BC9CEB8-8B4A-11D0-8D11-00A0C91BC942}") = "TypoEngine", "TypoEngine\TypoEngine.vcxproj", "{24993C04-1E2C-46AB-969F-C81D90DF099C}"
EndProject
Global
	GlobalSection(SolutionConfigurationPlatforms) = preSolution
		Debug|x64 = Debug|x64
		Release|x64 = Release|x64
	EndGlobalSection
	GlobalSection(ProjectConfigurationPlatforms) = postSolution
		{D2D59569-E5F7-4075-A8E7-EF80AA6C5A84}.Debug|x64.ActiveCfg = Debug|x64
		{D2D59569-E5F7-4075-A8E7-EF80AA6C5A84}.Debug|x64.Build.0 = Debug|x64
		{D2D59569-E5F7-4075-A8E7-EF80AA6C5A84}.Release|x64.ActiveCfg = Release|x64
		{D2D59569-E5F7-4075-A8E7-EF80AA6C5A84}.Release|x64.Build.0 = Release|x64
		{24993C04-1E2C-46AB-969F-C81D90DF099C}.Debug|x64.ActiveCfg = Debug|x64
		{24993C04-1E2C-46AB-969F-C81D90DF099C}.Debug|x64.Build.0 = Debug|x64
		{24993C04-1E2C-46AB-969F-C81D90DF099C}.Release|x64.ActiveCfg = Release|x64
		{24993C04-1E2C-46AB-969F-C81D90DF099C}.Release|x64.Build.0 = Release|x64
	EndGlobalSection
	GlobalSection(SolutionProperties) = preSolution
		HideSolutionNode = FALSE
	EndGlobalSection
	GlobalSection(ExtensibilityGlobals) = postSolution
		SolutionGuid = {5305556D-6C4A-4067-A139-4D295571B8C7}
	EndGlobalSection
EndGlobal
