<?xml version="1.0" encoding="utf-8"?>
<Project ToolsVersion="4.0" xmlns="http://schemas.microsoft.com/developer/msbuild/2003">
  <ItemGroup>
    <ClInclude Include="src\TypoEngine\App.h" />
    <ClInclude Include="src\TypoEngine\core\Core.h" />
    <ClInclude Include="src\TypoEngine\core\Service.h" />
    <ClInclude Include="src\TypoEngine.h" />
    <ClInclude Include="src\TypoEngine\pch.h" />
    <ClInclude Include="src\TypoEngine\EntryPoint.h" />
  </ItemGroup>
  <ItemGroup>
    <ClCompile Include="src\TypoEngine\App.cpp" />
    <ClCompile Include="src\TypoEngine\core\Service.cpp" />
    <ClCompile Include="src\TypoEngine\pch.cpp" />
  </ItemGroup>
</Project>